
Microsoft Visual Studio Solution File, Format Version 12.00
# Visual Studio 14
VisualStudioVersion = 14.0.23107.0
MinimumVisualStudioVersion = 10.0.40219.1
Project("{FAE04EC0-301F-11D3-BF4B-00C04F79EFBC}") = "Passwords", "Passwords\Passwords.csproj", "{ED9C1685-20D9-4CBC-B115-2F6552A40A86}"
EndProject
Project("{FAE04EC0-301F-11D3-BF4B-00C04F79EFBC}") = "Rabbits", "Rabbits\Rabbits.csproj", "{B32E9B47-C77D-4AC5-8851-6ED1E35948C3}"
EndProject
Global
	GlobalSection(SolutionConfigurationPlatforms) = preSolution
		Debug|Any CPU = Debug|Any CPU
		Release|Any CPU = Release|Any CPU
	EndGlobalSection
	GlobalSection(ProjectConfigurationPlatforms) = postSolution
		{ED9C1685-20D9-4CBC-B115-2F6552A40A86}.Debug|Any CPU.ActiveCfg = Debug|Any CPU
		{ED9C1685-20D9-4CBC-B115-2F6552A40A86}.Debug|Any CPU.Build.0 = Debug|Any CPU
		{ED9C1685-20D9-4CBC-B115-2F6552A40A86}.Release|Any CPU.ActiveCfg = Release|Any CPU
		{ED9C1685-20D9-4CBC-B115-2F6552A40A86}.Release|Any CPU.Build.0 = Release|Any CPU
		{B32E9B47-C77D-4AC5-8851-6ED1E35948C3}.Debug|Any CPU.ActiveCfg = Debug|Any CPU
		{B32E9B47-C77D-4AC5-8851-6ED1E35948C3}.Debug|Any CPU.Build.0 = Debug|Any CPU
		{B32E9B47-C77D-4AC5-8851-6ED1E35948C3}.Release|Any CPU.ActiveCfg = Release|Any CPU
		{B32E9B47-C77D-4AC5-8851-6ED1E35948C3}.Release|Any CPU.Build.0 = Release|Any CPU
	EndGlobalSection
	GlobalSection(SolutionProperties) = preSolution
		HideSolutionNode = FALSE
	EndGlobalSection
EndGlobal
